
Microsoft Visual Studio Solution File, Format Version 12.00
Project("{FAE04EC0-301F-11D3-BF4B-00C04F79EFBC}") = "Shop.Api.Authors", "Shop.Api.Authors\Shop.Api.Authors.csproj", "{D6224A6B-365A-463D-AF30-505CFF917877}"
EndProject
Project("{FAE04EC0-301F-11D3-BF4B-00C04F79EFBC}") = "Shop.Api.Books", "Shop.Api.Books\Shop.Api.Books.csproj", "{83FD314D-8B3D-4159-B722-8A1A840693F5}"
EndProject
Project("{FAE04EC0-301F-11D3-BF4B-00C04F79EFBC}") = "Shop.Api.Cart", "Shop.Api.Cart\Shop.Api.Cart.csproj", "{8736B25A-7CD2-4414-8DC6-228095C4330C}"
EndProject
Project("{FAE04EC0-301F-11D3-BF4B-00C04F79EFBC}") = "Shop.Api.Books.Tests", "Shop.Api.Books.Tests\Shop.Api.Books.Tests.csproj", "{B34BCE1E-DF4C-46A5-97E1-25908288EA99}"
EndProject
Global
	GlobalSection(SolutionConfigurationPlatforms) = preSolution
		Debug|Any CPU = Debug|Any CPU
		Release|Any CPU = Release|Any CPU
	EndGlobalSection
	GlobalSection(ProjectConfigurationPlatforms) = postSolution
		{D6224A6B-365A-463D-AF30-505CFF917877}.Debug|Any CPU.ActiveCfg = Debug|Any CPU
		{D6224A6B-365A-463D-AF30-505CFF917877}.Debug|Any CPU.Build.0 = Debug|Any CPU
		{D6224A6B-365A-463D-AF30-505CFF917877}.Release|Any CPU.ActiveCfg = Release|Any CPU
		{D6224A6B-365A-463D-AF30-505CFF917877}.Release|Any CPU.Build.0 = Release|Any CPU
		{83FD314D-8B3D-4159-B722-8A1A840693F5}.Debug|Any CPU.ActiveCfg = Debug|Any CPU
		{83FD314D-8B3D-4159-B722-8A1A840693F5}.Debug|Any CPU.Build.0 = Debug|Any CPU
		{83FD314D-8B3D-4159-B722-8A1A840693F5}.Release|Any CPU.ActiveCfg = Release|Any CPU
		{83FD314D-8B3D-4159-B722-8A1A840693F5}.Release|Any CPU.Build.0 = Release|Any CPU
		{8736B25A-7CD2-4414-8DC6-228095C4330C}.Debug|Any CPU.ActiveCfg = Debug|Any CPU
		{8736B25A-7CD2-4414-8DC6-228095C4330C}.Debug|Any CPU.Build.0 = Debug|Any CPU
		{8736B25A-7CD2-4414-8DC6-228095C4330C}.Release|Any CPU.ActiveCfg = Release|Any CPU
		{8736B25A-7CD2-4414-8DC6-228095C4330C}.Release|Any CPU.Build.0 = Release|Any CPU
		{B34BCE1E-DF4C-46A5-97E1-25908288EA99}.Debug|Any CPU.ActiveCfg = Debug|Any CPU
		{B34BCE1E-DF4C-46A5-97E1-25908288EA99}.Debug|Any CPU.Build.0 = Debug|Any CPU
		{B34BCE1E-DF4C-46A5-97E1-25908288EA99}.Release|Any CPU.ActiveCfg = Release|Any CPU
		{B34BCE1E-DF4C-46A5-97E1-25908288EA99}.Release|Any CPU.Build.0 = Release|Any CPU
	EndGlobalSection
EndGlobal
